
Microsoft Visual Studio Solution File, Format Version 12.00
# Visual Studio Version 16
VisualStudioVersion = 16.0.29905.134
MinimumVisualStudioVersion = 10.0.40219.1
Project("{9A19103F-16F7-4668-BE54-9A1E7A4F7556}") = "SinglesApp.Core", "SinglesApp.Core\SinglesApp.Core.csproj", "{D776231A-CF3B-4E27-A6C0-0AAB65859539}"
EndProject
Project("{FAE04EC0-301F-11D3-BF4B-00C04F79EFBC}") = "SinglesApp.WPF", "SinglesApp.WPF\SinglesApp.WPF.csproj", "{5750825E-2806-4270-81A0-CEBB716BA593}"
EndProject
Global
	GlobalSection(SolutionConfigurationPlatforms) = preSolution
		Ad-Hoc|Any CPU = Ad-Hoc|Any CPU
		Ad-Hoc|iPhone = Ad-Hoc|iPhone
		Ad-Hoc|iPhoneSimulator = Ad-Hoc|iPhoneSimulator
		AppStore|Any CPU = AppStore|Any CPU
		AppStore|iPhone = AppStore|iPhone
		AppStore|iPhoneSimulator = AppStore|iPhoneSimulator
		Debug|Any CPU = Debug|Any CPU
		Debug|iPhone = Debug|iPhone
		Debug|iPhoneSimulator = Debug|iPhoneSimulator
		Release|Any CPU = Release|Any CPU
		Release|iPhone = Release|iPhone
		Release|iPhoneSimulator = Release|iPhoneSimulator
	EndGlobalSection
	GlobalSection(ProjectConfigurationPlatforms) = postSolution
		{D776231A-CF3B-4E27-A6C0-0AAB65859539}.Ad-Hoc|Any CPU.ActiveCfg = Debug|Any CPU
		{D776231A-CF3B-4E27-A6C0-0AAB65859539}.Ad-Hoc|Any CPU.Build.0 = Debug|Any CPU
		{D776231A-CF3B-4E27-A6C0-0AAB65859539}.Ad-Hoc|iPhone.ActiveCfg = Debug|Any CPU
		{D776231A-CF3B-4E27-A6C0-0AAB65859539}.Ad-Hoc|iPhone.Build.0 = Debug|Any CPU
		{D776231A-CF3B-4E27-A6C0-0AAB65859539}.Ad-Hoc|iPhoneSimulator.ActiveCfg = Debug|Any CPU
		{D776231A-CF3B-4E27-A6C0-0AAB65859539}.Ad-Hoc|iPhoneSimulator.Build.0 = Debug|Any CPU
		{D776231A-CF3B-4E27-A6C0-0AAB65859539}.AppStore|Any CPU.ActiveCfg = Debug|Any CPU
		{D776231A-CF3B-4E27-A6C0-0AAB65859539}.AppStore|Any CPU.Build.0 = Debug|Any CPU
		{D776231A-CF3B-4E27-A6C0-0AAB65859539}.AppStore|iPhone.ActiveCfg = Debug|Any CPU
		{D776231A-CF3B-4E27-A6C0-0AAB65859539}.AppStore|iPhone.Build.0 = Debug|Any CPU
		{D776231A-CF3B-4E27-A6C0-0AAB65859539}.AppStore|iPhoneSimulator.ActiveCfg = Debug|Any CPU
		{D776231A-CF3B-4E27-A6C0-0AAB65859539}.AppStore|iPhoneSimulator.Build.0 = Debug|Any CPU
		{D776231A-CF3B-4E27-A6C0-0AAB65859539}.Debug|Any CPU.ActiveCfg = Debug|Any CPU
		{D776231A-CF3B-4E27-A6C0-0AAB65859539}.Debug|Any CPU.Build.0 = Debug|Any CPU
		{D776231A-CF3B-4E27-A6C0-0AAB65859539}.Debug|iPhone.ActiveCfg = Debug|Any CPU
		{D776231A-CF3B-4E27-A6C0-0AAB65859539}.Debug|iPhone.Build.0 = Debug|Any CPU
		{D776231A-CF3B-4E27-A6C0-0AAB65859539}.Debug|iPhoneSimulator.ActiveCfg = Debug|Any CPU
		{D776231A-CF3B-4E27-A6C0-0AAB65859539}.Debug|iPhoneSimulator.Build.0 = Debug|Any CPU
		{D776231A-CF3B-4E27-A6C0-0AAB65859539}.Release|Any CPU.ActiveCfg = Release|Any CPU
		{D776231A-CF3B-4E27-A6C0-0AAB65859539}.Release|Any CPU.Build.0 = Release|Any CPU
		{D776231A-CF3B-4E27-A6C0-0AAB65859539}.Release|iPhone.ActiveCfg = Release|Any CPU
		{D776231A-CF3B-4E27-A6C0-0AAB65859539}.Release|iPhone.Build.0 = Release|Any CPU
		{D776231A-CF3B-4E27-A6C0-0AAB65859539}.Release|iPhoneSimulator.ActiveCfg = Release|Any CPU
		{D776231A-CF3B-4E27-A6C0-0AAB65859539}.Release|iPhoneSimulator.Build.0 = Release|Any CPU
		{5750825E-2806-4270-81A0-CEBB716BA593}.Ad-Hoc|Any CPU.ActiveCfg = Release|Any CPU
		{5750825E-2806-4270-81A0-CEBB716BA593}.Ad-Hoc|Any CPU.Build.0 = Release|Any CPU
		{5750825E-2806-4270-81A0-CEBB716BA593}.Ad-Hoc|iPhone.ActiveCfg = Release|Any CPU
		{5750825E-2806-4270-81A0-CEBB716BA593}.Ad-Hoc|iPhone.Build.0 = Release|Any CPU
		{5750825E-2806-4270-81A0-CEBB716BA593}.Ad-Hoc|iPhoneSimulator.ActiveCfg = Release|Any CPU
		{5750825E-2806-4270-81A0-CEBB716BA593}.Ad-Hoc|iPhoneSimulator.Build.0 = Release|Any CPU
		{5750825E-2806-4270-81A0-CEBB716BA593}.AppStore|Any CPU.ActiveCfg = Release|Any CPU
		{5750825E-2806-4270-81A0-CEBB716BA593}.AppStore|Any CPU.Build.0 = Release|Any CPU
		{5750825E-2806-4270-81A0-CEBB716BA593}.AppStore|iPhone.ActiveCfg = Release|Any CPU
		{5750825E-2806-4270-81A0-CEBB716BA593}.AppStore|iPhone.Build.0 = Release|Any CPU
		{5750825E-2806-4270-81A0-CEBB716BA593}.AppStore|iPhoneSimulator.ActiveCfg = Release|Any CPU
		{5750825E-2806-4270-81A0-CEBB716BA593}.AppStore|iPhoneSimulator.Build.0 = Release|Any CPU
		{5750825E-2806-4270-81A0-CEBB716BA593}.Debug|Any CPU.ActiveCfg = Debug|Any CPU
		{5750825E-2806-4270-81A0-CEBB716BA593}.Debug|Any CPU.Build.0 = Debug|Any CPU
		{5750825E-2806-4270-81A0-CEBB716BA593}.Debug|iPhone.ActiveCfg = Debug|Any CPU
		{5750825E-2806-4270-81A0-CEBB716BA593}.Debug|iPhone.Build.0 = Debug|Any CPU
		{5750825E-2806-4270-81A0-CEBB716BA593}.Debug|iPhoneSimulator.ActiveCfg = Debug|Any CPU
		{5750825E-2806-4270-81A0-CEBB716BA593}.Debug|iPhoneSimulator.Build.0 = Debug|Any CPU
		{5750825E-2806-4270-81A0-CEBB716BA593}.Release|Any CPU.ActiveCfg = Release|Any CPU
		{5750825E-2806-4270-81A0-CEBB716BA593}.Release|Any CPU.Build.0 = Release|Any CPU
		{5750825E-2806-4270-81A0-CEBB716BA593}.Release|iPhone.ActiveCfg = Release|Any CPU
		{5750825E-2806-4270-81A0-CEBB716BA593}.Release|iPhone.Build.0 = Release|Any CPU
		{5750825E-2806-4270-81A0-CEBB716BA593}.Release|iPhoneSimulator.ActiveCfg = Release|Any CPU
		{5750825E-2806-4270-81A0-CEBB716BA593}.Release|iPhoneSimulator.Build.0 = Release|Any CPU
	EndGlobalSection
	GlobalSection(SolutionProperties) = preSolution
		HideSolutionNode = FALSE
	EndGlobalSection
	GlobalSection(ExtensibilityGlobals) = postSolution
		SolutionGuid = {9FA4E215-EF82-4156-A7A6-79CD6555DD88}
	EndGlobalSection
EndGlobal
